
Microsoft Visual Studio Solution File, Format Version 12.00
# Visual Studio Version 17
VisualStudioVersion = 17.2.32516.85
MinimumVisualStudioVersion = 10.0.40219.1
Project("{9A19103F-16F7-4668-BE54-9A1E7A4F7556}") = "RoutePlanner.net", "RoutePlanner.Lib\RoutePlanner.net.csproj", "{353BE503-A0D4-4B33-9052-70F07664DC93}"
EndProject
Project("{9A19103F-16F7-4668-BE54-9A1E7A4F7556}") = "RoutePlanner.App", "RoutePlanner.Tester\RoutePlanner.App.csproj", "{D3FBF7FA-C084-42E5-9621-4D738B26768F}"
EndProject
Global
	GlobalSection(SolutionConfigurationPlatforms) = preSolution
		Debug|Any CPU = Debug|Any CPU
		Release|Any CPU = Release|Any CPU
	EndGlobalSection
	GlobalSection(ProjectConfigurationPlatforms) = postSolution
		{353BE503-A0D4-4B33-9052-70F07664DC93}.Debug|Any CPU.ActiveCfg = Debug|Any CPU
		{353BE503-A0D4-4B33-9052-70F07664DC93}.Debug|Any CPU.Build.0 = Debug|Any CPU
		{353BE503-A0D4-4B33-9052-70F07664DC93}.Release|Any CPU.ActiveCfg = Release|Any CPU
		{353BE503-A0D4-4B33-9052-70F07664DC93}.Release|Any CPU.Build.0 = Release|Any CPU
		{D3FBF7FA-C084-42E5-9621-4D738B26768F}.Debug|Any CPU.ActiveCfg = Debug|Any CPU
		{D3FBF7FA-C084-42E5-9621-4D738B26768F}.Debug|Any CPU.Build.0 = Debug|Any CPU
		{D3FBF7FA-C084-42E5-9621-4D738B26768F}.Release|Any CPU.ActiveCfg = Release|Any CPU
		{D3FBF7FA-C084-42E5-9621-4D738B26768F}.Release|Any CPU.Build.0 = Release|Any CPU
	EndGlobalSection
	GlobalSection(SolutionProperties) = preSolution
		HideSolutionNode = FALSE
	EndGlobalSection
	GlobalSection(ExtensibilityGlobals) = postSolution
		SolutionGuid = {6E1F8AD4-E383-4ABF-BFE6-E3F8C41EA747}
	EndGlobalSection
EndGlobal
